
Microsoft Visual Studio Solution File, Format Version 12.00
# Visual Studio Version 17
VisualStudioVersion = 17.13.35825.156 d17.13
MinimumVisualStudioVersion = 10.0.40219.1
Project("{FAE04EC0-301F-11D3-BF4B-00C04F79EFBC}") = "PetLife", "PetLife.csproj", "{845F0BF8-2178-4307-B2BD-095398C67F33}"
EndProject
Global
	GlobalSection(SolutionConfigurationPlatforms) = preSolution
		Debug|Any CPU = Debug|Any CPU
		Release|Any CPU = Release|Any CPU
	EndGlobalSection
	GlobalSection(ProjectConfigurationPlatforms) = postSolution
		{845F0BF8-2178-4307-B2BD-095398C67F33}.Debug|Any CPU.ActiveCfg = Debug|Any CPU
		{845F0BF8-2178-4307-B2BD-095398C67F33}.Debug|Any CPU.Build.0 = Debug|Any CPU
		{845F0BF8-2178-4307-B2BD-095398C67F33}.Release|Any CPU.ActiveCfg = Release|Any CPU
		{845F0BF8-2178-4307-B2BD-095398C67F33}.Release|Any CPU.Build.0 = Release|Any CPU
	EndGlobalSection
	GlobalSection(SolutionProperties) = preSolution
		HideSolutionNode = FALSE
	EndGlobalSection
	GlobalSection(ExtensibilityGlobals) = postSolution
		SolutionGuid = {D051B5CD-2B2A-4D2E-B16B-9B7E607C813A}
	EndGlobalSection
EndGlobal
